// !$*UTF8*$!
{
	archiveVersion = 1;
	classes = {
	};
	objectVersion = 56;
	objects = {

/* Begin PBXBuildFile section */
		8A7EC7BD28EF587D00E28BC2 /* AppDelegate.swift in Sources */ = {isa = PBXBuildFile; fileRef = 8A7EC7BC28EF587D00E28BC2 /* AppDelegate.swift */; };
		8A7EC7BF28EF587D00E28BC2 /* SceneDelegate.swift in Sources */ = {isa = PBXBuildFile; fileRef = 8A7EC7BE28EF587D00E28BC2 /* SceneDelegate.swift */; };
		8A7EC7C128EF587D00E28BC2 /* ViewController.swift in Sources */ = {isa = PBXBuildFile; fileRef = 8A7EC7C028EF587D00E28BC2 /* ViewController.swift */; };
		8A7EC7C428EF587D00E28BC2 /* Main.storyboard in Resources */ = {isa = PBXBuildFile; fileRef = 8A7EC7C228EF587D00E28BC2 /* Main.storyboard */; };
		8A7EC7C628EF587F00E28BC2 /* Assets.xcassets in Resources */ = {isa = PBXBuildFile; fileRef = 8A7EC7C528EF587F00E28BC2 /* Assets.xcassets */; };
		8A7EC7C928EF587F00E28BC2 /* LaunchScreen.storyboard in Resources */ = {isa = PBXBuildFile; fileRef = 8A7EC7C728EF587F00E28BC2 /* LaunchScreen.storyboard */; };
		8A7EC7D128EF813600E28BC2 /* ViewControllerDice.swift in Sources */ = {isa = PBXBuildFile; fileRef = 8A7EC7D028EF813600E28BC2 /* ViewControllerDice.swift */; };
		8A7EC7D328EF87A700E28BC2 /* ViewControllerCoin.swift in Sources */ = {isa = PBXBuildFile; fileRef = 8A7EC7D228EF87A700E28BC2 /* ViewControllerCoin.swift */; };
		8A7EC7D528EF8C8900E28BC2 /* ViewControllerDigit.swift in Sources */ = {isa = PBXBuildFile; fileRef = 8A7EC7D428EF8C8900E28BC2 /* ViewControllerDigit.swift */; };
		8A7EC7D928EF95FE00E28BC2 /* ViewControllerLetter.swift in Sources */ = {isa = PBXBuildFile; fileRef = 8A7EC7D828EF95FE00E28BC2 /* ViewControllerLetter.swift */; };
		8A7EC7DB28EFA1B600E28BC2 /* ViewControllerYesNo.swift in Sources */ = {isa = PBXBuildFile; fileRef = 8A7EC7DA28EFA1B600E28BC2 /* ViewControllerYesNo.swift */; };
/* End PBXBuildFile section */

/* Begin PBXFileReference section */
		8A7EC7B928EF587D00E28BC2 /* RandomizerApp.app */ = {isa = PBXFileReference; explicitFileType = wrapper.application; includeInIndex = 0; path = RandomizerApp.app; sourceTree = BUILT_PRODUCTS_DIR; };
		8A7EC7BC28EF587D00E28BC2 /* AppDelegate.swift */ = {isa = PBXFileReference; lastKnownFileType = sourcecode.swift; path = AppDelegate.swift; sourceTree = "<group>"; };
		8A7EC7BE28EF587D00E28BC2 /* SceneDelegate.swift */ = {isa = PBXFileReference; lastKnownFileType = sourcecode.swift; path = SceneDelegate.swift; sourceTree = "<group>"; };
		8A7EC7C028EF587D00E28BC2 /* ViewController.swift */ = {isa = PBXFileReference; lastKnownFileType = sourcecode.swift; path = ViewController.swift; sourceTree = "<group>"; };
		8A7EC7C328EF587D00E28BC2 /* Base */ = {isa = PBXFileReference; lastKnownFileType = file.storyboard; name = Base; path = Base.lproj/Main.storyboard; sourceTree = "<group>"; };
		8A7EC7C528EF587F00E28BC2 /* Assets.xcassets */ = {isa = PBXFileReference; lastKnownFileType = folder.assetcatalog; path = Assets.xcassets; sourceTree = "<group>"; };
		8A7EC7C828EF587F00E28BC2 /* Base */ = {isa = PBXFileReference; lastKnownFileType = file.storyboard; name = Base; path = Base.lproj/LaunchScreen.storyboard; sourceTree = "<group>"; };
		8A7EC7CA28EF587F00E28BC2 /* Info.plist */ = {isa = PBXFileReference; lastKnownFileType = text.plist.xml; path = Info.plist; sourceTree = "<group>"; };
		8A7EC7D028EF813600E28BC2 /* ViewControllerDice.swift */ = {isa = PBXFileReference; lastKnownFileType = sourcecode.swift; path = ViewControllerDice.swift; sourceTree = "<group>"; };
		8A7EC7D228EF87A700E28BC2 /* ViewControllerCoin.swift */ = {isa = PBXFileReference; lastKnownFileType = sourcecode.swift; path = ViewControllerCoin.swift; sourceTree = "<group>"; };
		8A7EC7D428EF8C8900E28BC2 /* ViewControllerDigit.swift */ = {isa = PBXFileReference; lastKnownFileType = sourcecode.swift; path = ViewControllerDigit.swift; sourceTree = "<group>"; };
		8A7EC7D828EF95FE00E28BC2 /* ViewControllerLetter.swift */ = {isa = PBXFileReference; lastKnownFileType = sourcecode.swift; path = ViewControllerLetter.swift; sourceTree = "<group>"; };
		8A7EC7DA28EFA1B600E28BC2 /* ViewControllerYesNo.swift */ = {isa = PBXFileReference; lastKnownFileType = sourcecode.swift; path = ViewControllerYesNo.swift; sourceTree = "<group>"; };
/* End PBXFileReference section */

/* Begin PBXFrameworksBuildPhase section */
		8A7EC7B628EF587D00E28BC2 /* Frameworks */ = {
			isa = PBXFrameworksBuildPhase;
			buildActionMask = 2147483647;
			files = (
			);
			runOnlyForDeploymentPostprocessing = 0;
		};
/* End PBXFrameworksBuildPhase section */

/* Begin PBXGroup section */
		8A7EC7B028EF587D00E28BC2 = {
			isa = PBXGroup;
			children = (
				8A7EC7BB28EF587D00E28BC2 /* RandomizerApp */,
				8A7EC7BA28EF587D00E28BC2 /* Products */,
			);
			sourceTree = "<group>";
		};
		8A7EC7BA28EF587D00E28BC2 /* Products */ = {
			isa = PBXGroup;
			children = (
				8A7EC7B928EF587D00E28BC2 /* RandomizerApp.app */,
			);
			name = Products;
			sourceTree = "<group>";
		};
		8A7EC7BB28EF587D00E28BC2 /* RandomizerApp */ = {
			isa = PBXGroup;
			children = (
				8A7EC7BC28EF587D00E28BC2 /* AppDelegate.swift */,
				8A7EC7BE28EF587D00E28BC2 /* SceneDelegate.swift */,
				8A7EC7C228EF587D00E28BC2 /* Main.storyboard */,
				8A7EC7D728EF958A00E28BC2 /* Views */,
				8A7EC7C528EF587F00E28BC2 /* Assets.xcassets */,
				8A7EC7C728EF587F00E28BC2 /* LaunchScreen.storyboard */,
				8A7EC7CA28EF587F00E28BC2 /* Info.plist */,
			);
			path = RandomizerApp;
			sourceTree = "<group>";
		};
		8A7EC7D728EF958A00E28BC2 /* Views */ = {
			isa = PBXGroup;
			children = (
				8A7EC7C028EF587D00E28BC2 /* ViewController.swift */,
				8A7EC7D428EF8C8900E28BC2 /* ViewControllerDigit.swift */,
				8A7EC7D228EF87A700E28BC2 /* ViewControllerCoin.swift */,
				8A7EC7D028EF813600E28BC2 /* ViewControllerDice.swift */,
				8A7EC7D828EF95FE00E28BC2 /* ViewControllerLetter.swift */,
				8A7EC7DA28EFA1B600E28BC2 /* ViewControllerYesNo.swift */,
			);
			path = Views;
			sourceTree = "<group>";
		};
/* End PBXGroup section */

/* Begin PBXNativeTarget section */
		8A7EC7B828EF587D00E28BC2 /* RandomizerApp */ = {
			isa = PBXNativeTarget;
			buildConfigurationList = 8A7EC7CD28EF587F00E28BC2 /* Build configuration list for PBXNativeTarget "RandomizerApp" */;
			buildPhases = (
				8A7EC7B528EF587D00E28BC2 /* Sources */,
				8A7EC7B628EF587D00E28BC2 /* Frameworks */,
				8A7EC7B728EF587D00E28BC2 /* Resources */,
			);
			buildRules = (
			);
			dependencies = (
			);
			name = RandomizerApp;
			productName = RandomizerApp;
			productReference = 8A7EC7B928EF587D00E28BC2 /* RandomizerApp.app */;
			productType = "com.apple.product-type.application";
		};
/* End PBXNativeTarget section */

/* Begin PBXProject section */
		8A7EC7B128EF587D00E28BC2 /* Project object */ = {
			isa = PBXProject;
			attributes = {
				BuildIndependentTargetsInParallel = 1;
				LastSwiftUpdateCheck = 1400;
				LastUpgradeCheck = 1400;
				TargetAttributes = {
					8A7EC7B828EF587D00E28BC2 = {
						CreatedOnToolsVersion = 14.0.1;
					};
				};
			};
			buildConfigurationList = 8A7EC7B428EF587D00E28BC2 /* Build configuration list for PBXProject "RandomizerApp" */;
			compatibilityVersion = "Xcode 14.0";
			developmentRegion = en;
			hasScannedForEncodings = 0;
			knownRegions = (
				en,
				Base,
			);
			mainGroup = 8A7EC7B028EF587D00E28BC2;
			productRefGroup = 8A7EC7BA28EF587D00E28BC2 /* Products */;
			projectDirPath = "";
			projectRoot = "";
			targets = (
				8A7EC7B828EF587D00E28BC2 /* RandomizerApp */,
			);
		};
/* End PBXProject section */

/* Begin PBXResourcesBuildPhase section */
		8A7EC7B728EF587D00E28BC2 /* Resources */ = {
			isa = PBXResourcesBuildPhase;
			buildActionMask = 2147483647;
			files = (
				8A7EC7C928EF587F00E28BC2 /* LaunchScreen.storyboard in Resources */,
				8A7EC7C628EF587F00E28BC2 /* Assets.xcassets in Resources */,
				8A7EC7C428EF587D00E28BC2 /* Main.storyboard in Resources */,
			);
			runOnlyForDeploymentPostprocessing = 0;
		};
/* End PBXResourcesBuildPhase section */

/* Begin PBXSourcesBuildPhase section */
		8A7EC7B528EF587D00E28BC2 /* Sources */ = {
			isa = PBXSourcesBuildPhase;
			buildActionMask = 2147483647;
			files = (
				8A7EC7C128EF587D00E28BC2 /* ViewController.swift in Sources */,
				8A7EC7DB28EFA1B600E28BC2 /* ViewControllerYesNo.swift in Sources */,
				8A7EC7BD28EF587D00E28BC2 /* AppDelegate.swift in Sources */,
				8A7EC7BF28EF587D00E28BC2 /* SceneDelegate.swift in Sources */,
				8A7EC7D928EF95FE00E28BC2 /* ViewControllerLetter.swift in Sources */,
				8A7EC7D128EF813600E28BC2 /* ViewControllerDice.swift in Sources */,
				8A7EC7D528EF8C8900E28BC2 /* ViewControllerDigit.swift in Sources */,
				8A7EC7D328EF87A700E28BC2 /* ViewControllerCoin.swift in Sources */,
			);
			runOnlyForDeploymentPostprocessing = 0;
		};
/* End PBXSourcesBuildPhase section */

/* Begin PBXVariantGroup section */
		8A7EC7C228EF587D00E28BC2 /* Main.storyboard */ = {
			isa = PBXVariantGroup;
			children = (
				8A7EC7C328EF587D00E28BC2 /* Base */,
			);
			name = Main.storyboard;
			sourceTree = "<group>";
		};
		8A7EC7C728EF587F00E28BC2 /* LaunchScreen.storyboard */ = {
			isa = PBXVariantGroup;
			children = (
				8A7EC7C828EF587F00E28BC2 /* Base */,
			);
			name = LaunchScreen.storyboard;
			sourceTree = "<group>";
		};
/* End PBXVariantGroup section */

/* Begin XCBuildConfiguration section */
		8A7EC7CB28EF587F00E28BC2 /* Debug */ = {
			isa = XCBuildConfiguration;
			buildSettings = {
				ALWAYS_SEARCH_USER_PATHS = NO;
				CLANG_ANALYZER_NONNULL = YES;
				CLANG_ANALYZER_NUMBER_OBJECT_CONVERSION = YES_AGGRESSIVE;
				CLANG_CXX_LANGUAGE_STANDARD = "gnu++20";
				CLANG_ENABLE_MODULES = YES;
				CLANG_ENABLE_OBJC_ARC = YES;
				CLANG_ENABLE_OBJC_WEAK = YES;
				CLANG_WARN_BLOCK_CAPTURE_AUTORELEASING = YES;
				CLANG_WARN_BOOL_CONVERSION = YES;
				CLANG_WARN_COMMA = YES;
				CLANG_WARN_CONSTANT_CONVERSION = YES;
				CLANG_WARN_DEPRECATED_OBJC_IMPLEMENTATIONS = YES;
				CLANG_WARN_DIRECT_OBJC_ISA_USAGE = YES_ERROR;
				CLANG_WARN_DOCUMENTATION_COMMENTS = YES;
				CLANG_WARN_EMPTY_BODY = YES;
				CLANG_WARN_ENUM_CONVERSION = YES;
				CLANG_WARN_INFINITE_RECURSION = YES;
				CLANG_WARN_INT_CONVERSION = YES;
				CLANG_WARN_NON_LITERAL_NULL_CONVERSION = YES;
				CLANG_WARN_OBJC_IMPLICIT_RETAIN_SELF = YES;
				CLANG_WARN_OBJC_LITERAL_CONVERSION = YES;
				CLANG_WARN_OBJC_ROOT_CLASS = YES_ERROR;
				CLANG_WARN_QUOTED_INCLUDE_IN_FRAMEWORK_HEADER = YES;
				CLANG_WARN_RANGE_LOOP_ANALYSIS = YES;
				CLANG_WARN_STRICT_PROTOTYPES = YES;
				CLANG_WARN_SUSPICIOUS_MOVE = YES;
				CLANG_WARN_UNGUARDED_AVAILABILITY = YES_AGGRESSIVE;
				CLANG_WARN_UNREACHABLE_CODE = YES;
				CLANG_WARN__DUPLICATE_METHOD_MATCH = YES;
				COPY_PHASE_STRIP = NO;
				DEBUG_INFORMATION_FORMAT = dwarf;
				ENABLE_STRICT_OBJC_MSGSEND = YES;
				ENABLE_TESTABILITY = YES;
				GCC_C_LANGUAGE_STANDARD = gnu11;
				GCC_DYNAMIC_NO_PIC = NO;
				GCC_NO_COMMON_BLOCKS = YES;
				GCC_OPTIMIZATION_LEVEL = 0;
				GCC_PREPROCESSOR_DEFINITIONS = (
					"DEBUG=1",
					"$(inherited)",
				);
				GCC_WARN_64_TO_32_BIT_CONVERSION = YES;
				GCC_WARN_ABOUT_RETURN_TYPE = YES_ERROR;
				GCC_WARN_UNDECLARED_SELECTOR = YES;
				GCC_WARN_UNINITIALIZED_AUTOS = YES_AGGRESSIVE;
				GCC_WARN_UNUSED_FUNCTION = YES;
				GCC_WARN_UNUSED_VARIABLE = YES;
				IPHONEOS_DEPLOYMENT_TARGET = 16.0;
				MTL_ENABLE_DEBUG_INFO = INCLUDE_SOURCE;
				MTL_FAST_MATH = YES;
				ONLY_ACTIVE_ARCH = YES;
				SDKROOT = iphoneos;
				SWIFT_ACTIVE_COMPILATION_CONDITIONS = DEBUG;
				SWIFT_OPTIMIZATION_LEVEL = "-Onone";
			};
			name = Debug;
		};
		8A7EC7CC28EF587F00E28BC2 /* Release */ = {
			isa = XCBuildConfiguration;
			buildSettings = {
				ALWAYS_SEARCH_USER_PATHS = NO;
				CLANG_ANALYZER_NONNULL = YES;
				CLANG_ANALYZER_NUMBER_OBJECT_CONVERSION = YES_AGGRESSIVE;
				CLANG_CXX_LANGUAGE_STANDARD = "gnu++20";
				CLANG_ENABLE_MODULES = YES;
				CLANG_ENABLE_OBJC_ARC = YES;
				CLANG_ENABLE_OBJC_WEAK = YES;
				CLANG_WARN_BLOCK_CAPTURE_AUTORELEASING = YES;
				CLANG_WARN_BOOL_CONVERSION = YES;
				CLANG_WARN_COMMA = YES;
				CLANG_WARN_CONSTANT_CONVERSION = YES;
				CLANG_WARN_DEPRECATED_OBJC_IMPLEMENTATIONS = YES;
				CLANG_WARN_DIRECT_OBJC_ISA_USAGE = YES_ERROR;
				CLANG_WARN_DOCUMENTATION_COMMENTS = YES;
				CLANG_WARN_EMPTY_BODY = YES;
				CLANG_WARN_ENUM_CONVERSION = YES;
				CLANG_WARN_INFINITE_RECURSION = YES;
				CLANG_WARN_INT_CONVERSION = YES;
				CLANG_WARN_NON_LITERAL_NULL_CONVERSION = YES;
				CLANG_WARN_OBJC_IMPLICIT_RETAIN_SELF = YES;
				CLANG_WARN_OBJC_LITERAL_CONVERSION = YES;
				CLANG_WARN_OBJC_ROOT_CLASS = YES_ERROR;
				CLANG_WARN_QUOTED_INCLUDE_IN_FRAMEWORK_HEADER = YES;
				CLANG_WARN_RANGE_LOOP_ANALYSIS = YES;
				CLANG_WARN_STRICT_PROTOTYPES = YES;
				CLANG_WARN_SUSPICIOUS_MOVE = YES;
				CLANG_WARN_UNGUARDED_AVAILABILITY = YES_AGGRESSIVE;
				CLANG_WARN_UNREACHABLE_CODE = YES;
				CLANG_WARN__DUPLICATE_METHOD_MATCH = YES;
				COPY_PHASE_STRIP = NO;
				DEBUG_INFORMATION_FORMAT = "dwarf-with-dsym";
				ENABLE_NS_ASSERTIONS = NO;
				ENABLE_STRICT_OBJC_MSGSEND = YES;
				GCC_C_LANGUAGE_STANDARD = gnu11;
				GCC_NO_COMMON_BLOCKS = YES;
				GCC_WARN_64_TO_32_BIT_CONVERSION = YES;
				GCC_WARN_ABOUT_RETURN_TYPE = YES_ERROR;
				GCC_WARN_UNDECLARED_SELECTOR = YES;
				GCC_WARN_UNINITIALIZED_AUTOS = YES_AGGRESSIVE;
				GCC_WARN_UNUSED_FUNCTION = YES;
				GCC_WARN_UNUSED_VARIABLE = YES;
				IPHONEOS_DEPLOYMENT_TARGET = 16.0;
				MTL_ENABLE_DEBUG_INFO = NO;
				MTL_FAST_MATH = YES;
				SDKROOT = iphoneos;
				SWIFT_COMPILATION_MODE = wholemodule;
				SWIFT_OPTIMIZATION_LEVEL = "-O";
				VALIDATE_PRODUCT = YES;
			};
			name = Release;
		};
		8A7EC7CE28EF587F00E28BC2 /* Debug */ = {
			isa = XCBuildConfiguration;
			buildSettings = {
				ASSETCATALOG_COMPILER_APPICON_NAME = AppIcon;
				ASSETCATALOG_COMPILER_GLOBAL_ACCENT_COLOR_NAME = AccentColor;
				CODE_SIGN_STYLE = Automatic;
				CURRENT_PROJECT_VERSION = 1;
				DEVELOPMENT_TEAM = P894A63FN8;
				GENERATE_INFOPLIST_FILE = YES;
				INFOPLIST_FILE = RandomizerApp/Info.plist;
				INFOPLIST_KEY_UIApplicationSupportsIndirectInputEvents = YES;
				INFOPLIST_KEY_UILaunchStoryboardName = LaunchScreen;
				INFOPLIST_KEY_UIMainStoryboardFile = Main;
				INFOPLIST_KEY_UISupportedInterfaceOrientations = UIInterfaceOrientationPortrait;
				INFOPLIST_KEY_UISupportedInterfaceOrientations_iPad = "UIInterfaceOrientationLandscapeLeft UIInterfaceOrientationLandscapeRight UIInterfaceOrientationPortrait UIInterfaceOrientationPortraitUpsideDown";
				LD_RUNPATH_SEARCH_PATHS = (
					"$(inherited)",
					"@executable_path/Frameworks",
				);
				MARKETING_VERSION = 1.0;
				PRODUCT_BUNDLE_IDENTIFIER = "Alexey-Manohin.RandomizerApp";
				PRODUCT_NAME = "$(TARGET_NAME)";
				SUPPORTED_PLATFORMS = "iphoneos iphonesimulator";
				SUPPORTS_MACCATALYST = NO;
				SUPPORTS_MAC_DESIGNED_FOR_IPHONE_IPAD = NO;
				SWIFT_EMIT_LOC_STRINGS = YES;
				SWIFT_VERSION = 5.0;
				TARGETED_DEVICE_FAMILY = 1;
			};
			name = Debug;
		};
		8A7EC7CF28EF587F00E28BC2 /* Release */ = {
			isa = XCBuildConfiguration;
			buildSettings = {
				ASSETCATALOG_COMPILER_APPICON_NAME = AppIcon;
				ASSETCATALOG_COMPILER_GLOBAL_ACCENT_COLOR_NAME = AccentColor;
				CODE_SIGN_STYLE = Automatic;
				CURRENT_PROJECT_VERSION = 1;
				DEVELOPMENT_TEAM = P894A63FN8;
				GENERATE_INFOPLIST_FILE = YES;
				INFOPLIST_FILE = RandomizerApp/Info.plist;
				INFOPLIST_KEY_UIApplicationSupportsIndirectInputEvents = YES;
				INFOPLIST_KEY_UILaunchStoryboardName = LaunchScreen;
				INFOPLIST_KEY_UIMainStoryboardFile = Main;
				INFOPLIST_KEY_UISupportedInterfaceOrientations = UIInterfaceOrientationPortrait;
				INFOPLIST_KEY_UISupportedInterfaceOrientations_iPad = "UIInterfaceOrientationLandscapeLeft UIInterfaceOrientationLandscapeRight UIInterfaceOrientationPortrait UIInterfaceOrientationPortraitUpsideDown";
				LD_RUNPATH_SEARCH_PATHS = (
					"$(inherited)",
					"@executable_path/Frameworks",
				);
				MARKETING_VERSION = 1.0;
				PRODUCT_BUNDLE_IDENTIFIER = "Alexey-Manohin.RandomizerApp";
				PRODUCT_NAME = "$(TARGET_NAME)";
				SUPPORTED_PLATFORMS = "iphoneos iphonesimulator";
				SUPPORTS_MACCATALYST = NO;
				SUPPORTS_MAC_DESIGNED_FOR_IPHONE_IPAD = NO;
				SWIFT_EMIT_LOC_STRINGS = YES;
				SWIFT_VERSION = 5.0;
				TARGETED_DEVICE_FAMILY = 1;
			};
			name = Release;
		};
/* End XCBuildConfiguration section */

/* Begin XCConfigurationList section */
		8A7EC7B428EF587D00E28BC2 /* Build configuration list for PBXProject "RandomizerApp" */ = {
			isa = XCConfigurationList;
			buildConfigurations = (
				8A7EC7CB28EF587F00E28BC2 /* Debug */,
				8A7EC7CC28EF587F00E28BC2 /* Release */,
			);
			defaultConfigurationIsVisible = 0;
			defaultConfigurationName = Release;
		};
		8A7EC7CD28EF587F00E28BC2 /* Build configuration list for PBXNativeTarget "RandomizerApp" */ = {
			isa = XCConfigurationList;
			buildConfigurations = (
				8A7EC7CE28EF587F00E28BC2 /* Debug */,
				8A7EC7CF28EF587F00E28BC2 /* Release */,
			);
			defaultConfigurationIsVisible = 0;
			defaultConfigurationName = Release;
		};
/* End XCConfigurationList section */
	};
	rootObject = 8A7EC7B128EF587D00E28BC2 /* Project object */;
}
